
Microsoft Visual Studio Solution File, Format Version 12.00
# Visual Studio Version 17
VisualStudioVersion = 17.7.33808.371
MinimumVisualStudioVersion = 10.0.40219.1
Project("{9A19103F-16F7-4668-BE54-9A1E7A4F7556}") = "FlightList.Domain", "FlightList.Domain\FlightList.Domain.csproj", "{C67F2E1D-3FEF-4AA6-A33B-02A56B222868}"
EndProject
Project("{2150E333-8FDC-42A3-9474-1A3956D46DE8}") = "src", "src", "{75E38692-0F88-4522-971C-C7853B6649BB}"
EndProject
Project("{2150E333-8FDC-42A3-9474-1A3956D46DE8}") = "test", "test", "{9DFAE5D6-6213-4583-908C-E0B07B373182}"
EndProject
Project("{2150E333-8FDC-42A3-9474-1A3956D46DE8}") = "Core", "Core", "{505C8817-B2C2-40E8-B402-27FDE33DC2F3}"
EndProject
Project("{2150E333-8FDC-42A3-9474-1A3956D46DE8}") = "Infrastructure", "Infrastructure", "{20A3D1AB-19BD-4523-B5B0-151A03D2E7ED}"
EndProject
Project("{2150E333-8FDC-42A3-9474-1A3956D46DE8}") = "UI", "UI", "{4FA3DBA9-534B-4F00-BA2A-D70DE438A120}"
EndProject
Project("{2150E333-8FDC-42A3-9474-1A3956D46DE8}") = "Api", "Api", "{33E26182-B446-48AF-87F2-AFA37B26E1C4}"
EndProject
Project("{9A19103F-16F7-4668-BE54-9A1E7A4F7556}") = "FlightList.Application", "FlightList.Application\FlightList.Application.csproj", "{2E51DD9C-734C-46AB-BA88-64030D3A1059}"
EndProject
Project("{9A19103F-16F7-4668-BE54-9A1E7A4F7556}") = "FlightList.Persistence", "FlightList.Persistence\FlightList.Persistence.csproj", "{380508A8-3F97-445F-A180-0A7DCA04BC90}"
EndProject
Project("{9A19103F-16F7-4668-BE54-9A1E7A4F7556}") = "FlightList.Api", "FlightList.Api\FlightList.Api.csproj", "{E33DCB04-4CCC-4094-9106-ACD728978DED}"
EndProject
Project("{9A19103F-16F7-4668-BE54-9A1E7A4F7556}") = "FlightList.Api.Controllers.Tests", "FlightList.Api.Controllers.Tests\FlightList.Api.Controllers.Tests.csproj", "{939708F2-28DD-4167-9448-1094FD959ECA}"
EndProject
Project("{9A19103F-16F7-4668-BE54-9A1E7A4F7556}") = "FlightList.Domain.Tests", "FlightList.Domain.Tests\FlightList.Domain.Tests.csproj", "{689560EC-B1E8-412E-A99A-1D92D29AA546}"
EndProject
Project("{FAE04EC0-301F-11D3-BF4B-00C04F79EFBC}") = "FlightList.Client.BlazorWA", "FlightList.Client.BlazorWA\FlightList.Client.BlazorWA.csproj", "{12C7E18E-A624-4777-A351-C96520B34E7E}"
EndProject
Global
	GlobalSection(SolutionConfigurationPlatforms) = preSolution
		Debug|Any CPU = Debug|Any CPU
		Release|Any CPU = Release|Any CPU
	EndGlobalSection
	GlobalSection(ProjectConfigurationPlatforms) = postSolution
		{C67F2E1D-3FEF-4AA6-A33B-02A56B222868}.Debug|Any CPU.ActiveCfg = Debug|Any CPU
		{C67F2E1D-3FEF-4AA6-A33B-02A56B222868}.Debug|Any CPU.Build.0 = Debug|Any CPU
		{C67F2E1D-3FEF-4AA6-A33B-02A56B222868}.Release|Any CPU.ActiveCfg = Release|Any CPU
		{C67F2E1D-3FEF-4AA6-A33B-02A56B222868}.Release|Any CPU.Build.0 = Release|Any CPU
		{2E51DD9C-734C-46AB-BA88-64030D3A1059}.Debug|Any CPU.ActiveCfg = Debug|Any CPU
		{2E51DD9C-734C-46AB-BA88-64030D3A1059}.Debug|Any CPU.Build.0 = Debug|Any CPU
		{2E51DD9C-734C-46AB-BA88-64030D3A1059}.Release|Any CPU.ActiveCfg = Release|Any CPU
		{2E51DD9C-734C-46AB-BA88-64030D3A1059}.Release|Any CPU.Build.0 = Release|Any CPU
		{380508A8-3F97-445F-A180-0A7DCA04BC90}.Debug|Any CPU.ActiveCfg = Debug|Any CPU
		{380508A8-3F97-445F-A180-0A7DCA04BC90}.Debug|Any CPU.Build.0 = Debug|Any CPU
		{380508A8-3F97-445F-A180-0A7DCA04BC90}.Release|Any CPU.ActiveCfg = Release|Any CPU
		{380508A8-3F97-445F-A180-0A7DCA04BC90}.Release|Any CPU.Build.0 = Release|Any CPU
		{E33DCB04-4CCC-4094-9106-ACD728978DED}.Debug|Any CPU.ActiveCfg = Debug|Any CPU
		{E33DCB04-4CCC-4094-9106-ACD728978DED}.Debug|Any CPU.Build.0 = Debug|Any CPU
		{E33DCB04-4CCC-4094-9106-ACD728978DED}.Release|Any CPU.ActiveCfg = Release|Any CPU
		{E33DCB04-4CCC-4094-9106-ACD728978DED}.Release|Any CPU.Build.0 = Release|Any CPU
		{939708F2-28DD-4167-9448-1094FD959ECA}.Debug|Any CPU.ActiveCfg = Debug|Any CPU
		{939708F2-28DD-4167-9448-1094FD959ECA}.Debug|Any CPU.Build.0 = Debug|Any CPU
		{939708F2-28DD-4167-9448-1094FD959ECA}.Release|Any CPU.ActiveCfg = Release|Any CPU
		{939708F2-28DD-4167-9448-1094FD959ECA}.Release|Any CPU.Build.0 = Release|Any CPU
		{689560EC-B1E8-412E-A99A-1D92D29AA546}.Debug|Any CPU.ActiveCfg = Debug|Any CPU
		{689560EC-B1E8-412E-A99A-1D92D29AA546}.Debug|Any CPU.Build.0 = Debug|Any CPU
		{689560EC-B1E8-412E-A99A-1D92D29AA546}.Release|Any CPU.ActiveCfg = Release|Any CPU
		{689560EC-B1E8-412E-A99A-1D92D29AA546}.Release|Any CPU.Build.0 = Release|Any CPU
		{12C7E18E-A624-4777-A351-C96520B34E7E}.Debug|Any CPU.ActiveCfg = Debug|Any CPU
		{12C7E18E-A624-4777-A351-C96520B34E7E}.Debug|Any CPU.Build.0 = Debug|Any CPU
		{12C7E18E-A624-4777-A351-C96520B34E7E}.Release|Any CPU.ActiveCfg = Release|Any CPU
		{12C7E18E-A624-4777-A351-C96520B34E7E}.Release|Any CPU.Build.0 = Release|Any CPU
	EndGlobalSection
	GlobalSection(SolutionProperties) = preSolution
		HideSolutionNode = FALSE
	EndGlobalSection
	GlobalSection(NestedProjects) = preSolution
		{C67F2E1D-3FEF-4AA6-A33B-02A56B222868} = {505C8817-B2C2-40E8-B402-27FDE33DC2F3}
		{505C8817-B2C2-40E8-B402-27FDE33DC2F3} = {75E38692-0F88-4522-971C-C7853B6649BB}
		{20A3D1AB-19BD-4523-B5B0-151A03D2E7ED} = {75E38692-0F88-4522-971C-C7853B6649BB}
		{4FA3DBA9-534B-4F00-BA2A-D70DE438A120} = {75E38692-0F88-4522-971C-C7853B6649BB}
		{33E26182-B446-48AF-87F2-AFA37B26E1C4} = {75E38692-0F88-4522-971C-C7853B6649BB}
		{2E51DD9C-734C-46AB-BA88-64030D3A1059} = {505C8817-B2C2-40E8-B402-27FDE33DC2F3}
		{380508A8-3F97-445F-A180-0A7DCA04BC90} = {20A3D1AB-19BD-4523-B5B0-151A03D2E7ED}
		{E33DCB04-4CCC-4094-9106-ACD728978DED} = {33E26182-B446-48AF-87F2-AFA37B26E1C4}
		{939708F2-28DD-4167-9448-1094FD959ECA} = {9DFAE5D6-6213-4583-908C-E0B07B373182}
		{689560EC-B1E8-412E-A99A-1D92D29AA546} = {9DFAE5D6-6213-4583-908C-E0B07B373182}
		{12C7E18E-A624-4777-A351-C96520B34E7E} = {4FA3DBA9-534B-4F00-BA2A-D70DE438A120}
	EndGlobalSection
	GlobalSection(ExtensibilityGlobals) = postSolution
		SolutionGuid = {6E11D028-36AB-4234-BAEA-E326FE227BC1}
	EndGlobalSection
EndGlobal
